PODS:
  - APAddressBook/Core (0.1.5)
  - APAddressBook/Swift (0.1.5):
    - APAddressBook/Core
  - Bolts (1.1.4)
  - CocoaSecurity (1.2.4)
  - DXYTencentOpenAPI (2.3)
  - Facebook-iOS-SDK (3.23.1):
    - Bolts (~> 1.0)
  - JSBadgeView (1.3.2)
  - JSONModel (1.0.2)
  - JSQMessagesViewController (6.1.3):
    - JSQSystemSoundPlayer (~> 2.0.1)
  - JSQSystemSoundPlayer (2.0.1)
  - libWeChatSDK (1.5)
  - MagicalRecord (2.2):
    - MagicalRecord/Core
  - MagicalRecord/Core (2.2)
  - NYXImagesKit (2.3)
  - Parse (1.6.2):
    - Bolts (~> 1.1)
  - ParseFacebookUtils (1.6.4):
    - Facebook-iOS-SDK (~> 3.20)
    - Parse (~> 1.6.4)
  - ParseUI (1.1.1):
    - Parse (~> 1.6)
    - ParseFacebookUtils (~> 1.6)
  - Reveal-iOS-SDK (1.5.1)
  - SSKeychain (1.2.2)
  - SVProgressHUD (1.1.2)
  - UIColor-HexString (1.1.0)

DEPENDENCIES:
  - APAddressBook/Swift
  - CocoaSecurity
  - DXYTencentOpenAPI (~> 2.3)
  - JSBadgeView
  - JSONModel
  - JSQMessagesViewController
  - libWeChatSDK (~> 1.5)
  - MagicalRecord
  - NYXImagesKit
  - Parse
  - ParseUI
  - Reveal-iOS-SDK
  - SSKeychain
  - SVProgressHUD
  - UIColor-HexString

SPEC CHECKSUMS:
  APAddressBook: 38bddd264b0d547021d14c8fb22ad64c73663b96
  Bolts: dd9fb8433d67f5acc3b6b4d1379bbc5513d716c1
  CocoaSecurity: 7ce1b967863d4e96dcffdbad17671117900e6c6e
  DXYTencentOpenAPI: b63563ff453cb598c3e5df6373dde85cc46c5fa4
  Facebook-iOS-SDK: 89dae50e975ebab95a01b0962d27277fc9cf08fd
  JSBadgeView: 75bec79d76e0eb01d57c9ce75b7c5ea8d6707955
  JSONModel: cbdef0fdff1cc70e913a860861d3072860efd3a1
  JSQMessagesViewController: e93a288a9662d4519c95a28a8c0eec10beae1bfc
  JSQSystemSoundPlayer: 55528c699a283aae2220d3ae7b8b527d2ecef4b4
  libWeChatSDK: 198d607370b3f5eb8f470549126b25ef63e92993
  MagicalRecord: 2b471584fc9e3137f3d0a56967917baa4979e224
  NYXImagesKit: 1c9f228ae78fab475d267b3b3a1308e0fba11731
  Parse: 60d65108fe39da77ec16c9e51d74b4d296b21424
  ParseFacebookUtils: 00833ccf6fec7d6429e2403fe457496a5089358b
  ParseUI: f7e9e0e5271f75a19c74ead8fdd95d36160e268e
  Reveal-iOS-SDK: dcfeb671c7da222c85f18f866da2ce88de075524
  SSKeychain: cc48bd3ad24fcd9125adb9e0d23dd50b8bbd08b9
  SVProgressHUD: da7a49e789af645d9279ffbca62318945a832438
  UIColor-HexString: a9eabf02c1a2f9036ed6ac9cb2a3ea086f3b39e4

COCOAPODS: 0.34.4
